
Microsoft Visual Studio Solution File, Format Version 12.00
# Visual Studio Version 17
VisualStudioVersion = 17.7.34024.191
MinimumVisualStudioVersion = 10.0.40219.1
Project("{9A19103F-16F7-4668-BE54-9A1E7A4F7556}") = "ShadowLib", "ShadowLib.csproj", "{5DBDEA12-46DE-4485-A95F-0BC834DEE0FF}"
EndProject
Global
	GlobalSection(SolutionConfigurationPlatforms) = preSolution
		Debug|Any CPU = Debug|Any CPU
		Release|Any CPU = Release|Any CPU
	EndGlobalSection
	GlobalSection(ProjectConfigurationPlatforms) = postSolution
		{5DBDEA12-46DE-4485-A95F-0BC834DEE0FF}.Debug|Any CPU.ActiveCfg = Debug|Any CPU
		{5DBDEA12-46DE-4485-A95F-0BC834DEE0FF}.Debug|Any CPU.Build.0 = Debug|Any CPU
		{5DBDEA12-46DE-4485-A95F-0BC834DEE0FF}.Release|Any CPU.ActiveCfg = Release|Any CPU
		{5DBDEA12-46DE-4485-A95F-0BC834DEE0FF}.Release|Any CPU.Build.0 = Release|Any CPU
	EndGlobalSection
	GlobalSection(SolutionProperties) = preSolution
		HideSolutionNode = FALSE
	EndGlobalSection
	GlobalSection(ExtensibilityGlobals) = postSolution
		SolutionGuid = {245D7A3B-667B-4B4E-94F8-007394589141}
	EndGlobalSection
EndGlobal
